
Microsoft Visual Studio Solution File, Format Version 12.00
# Visual Studio Version 17
VisualStudioVersion = 17.14.36623.8 d17.14
MinimumVisualStudioVersion = 10.0.40219.1
Project("{FAE04EC0-301F-11D3-BF4B-00C04F79EFBC}") = "SIMS", "SIMS\SIMS.csproj", "{024F8612-510A-4F7F-9487-470501BD1C55}"
EndProject
Global
	GlobalSection(SolutionConfigurationPlatforms) = preSolution
		Debug|Any CPU = Debug|Any CPU
		Release|Any CPU = Release|Any CPU
	EndGlobalSection
	GlobalSection(ProjectConfigurationPlatforms) = postSolution
		{024F8612-510A-4F7F-9487-470501BD1C55}.Debug|Any CPU.ActiveCfg = Debug|Any CPU
		{024F8612-510A-4F7F-9487-470501BD1C55}.Debug|Any CPU.Build.0 = Debug|Any CPU
		{024F8612-510A-4F7F-9487-470501BD1C55}.Release|Any CPU.ActiveCfg = Release|Any CPU
		{024F8612-510A-4F7F-9487-470501BD1C55}.Release|Any CPU.Build.0 = Release|Any CPU
	EndGlobalSection
	GlobalSection(SolutionProperties) = preSolution
		HideSolutionNode = FALSE
	EndGlobalSection
	GlobalSection(ExtensibilityGlobals) = postSolution
		SolutionGuid = {41296D68-7874-4FCF-8CAD-553914CBF183}
	EndGlobalSection
EndGlobal
